
Microsoft Visual Studio Solution File, Format Version 12.00
# Visual Studio Version 17
VisualStudioVersion = 17.3.32825.248
MinimumVisualStudioVersion = 10.0.40219.1
Project("{9A19103F-16F7-4668-BE54-9A1E7A4F7556}") = "PortfolioAPI", "PortfolioAPI\PortfolioAPI.csproj", "{3714F186-60EC-4725-B792-7464E27E50B1}"
EndProject
Project("{9A19103F-16F7-4668-BE54-9A1E7A4F7556}") = "PortfolioLibrary", "PortfolioLibrary\PortfolioLibrary.csproj", "{13B7EB4E-4C57-4800-B452-8FA7A2934249}"
EndProject
Global
	GlobalSection(SolutionConfigurationPlatforms) = preSolution
		Debug|Any CPU = Debug|Any CPU
		Release|Any CPU = Release|Any CPU
	EndGlobalSection
	GlobalSection(ProjectConfigurationPlatforms) = postSolution
		{3714F186-60EC-4725-B792-7464E27E50B1}.Debug|Any CPU.ActiveCfg = Debug|Any CPU
		{3714F186-60EC-4725-B792-7464E27E50B1}.Debug|Any CPU.Build.0 = Debug|Any CPU
		{3714F186-60EC-4725-B792-7464E27E50B1}.Release|Any CPU.ActiveCfg = Release|Any CPU
		{3714F186-60EC-4725-B792-7464E27E50B1}.Release|Any CPU.Build.0 = Release|Any CPU
		{13B7EB4E-4C57-4800-B452-8FA7A2934249}.Debug|Any CPU.ActiveCfg = Debug|Any CPU
		{13B7EB4E-4C57-4800-B452-8FA7A2934249}.Debug|Any CPU.Build.0 = Debug|Any CPU
		{13B7EB4E-4C57-4800-B452-8FA7A2934249}.Release|Any CPU.ActiveCfg = Release|Any CPU
		{13B7EB4E-4C57-4800-B452-8FA7A2934249}.Release|Any CPU.Build.0 = Release|Any CPU
	EndGlobalSection
	GlobalSection(SolutionProperties) = preSolution
		HideSolutionNode = FALSE
	EndGlobalSection
	GlobalSection(ExtensibilityGlobals) = postSolution
		SolutionGuid = {8815459A-E90E-448D-804B-C93AD6929D3C}
	EndGlobalSection
EndGlobal
